
Microsoft Visual Studio Solution File, Format Version 12.00
# Visual Studio Version 16
VisualStudioVersion = 16.0.32407.337
MinimumVisualStudioVersion = 10.0.40219.1
Project("{FAE04EC0-301F-11D3-BF4B-00C04F79EFBC}") = "Machine test  Euphoria_infotech", "Machine test  Euphoria_infotech.csproj", "{89171154-EACE-4BC7-8F9B-41B025F0554A}"
EndProject
Global
	GlobalSection(SolutionConfigurationPlatforms) = preSolution
		Debug|Any CPU = Debug|Any CPU
		Release|Any CPU = Release|Any CPU
	EndGlobalSection
	GlobalSection(ProjectConfigurationPlatforms) = postSolution
		{89171154-EACE-4BC7-8F9B-41B025F0554A}.Debug|Any CPU.ActiveCfg = Debug|Any CPU
		{89171154-EACE-4BC7-8F9B-41B025F0554A}.Debug|Any CPU.Build.0 = Debug|Any CPU
		{89171154-EACE-4BC7-8F9B-41B025F0554A}.Release|Any CPU.ActiveCfg = Release|Any CPU
		{89171154-EACE-4BC7-8F9B-41B025F0554A}.Release|Any CPU.Build.0 = Release|Any CPU
	EndGlobalSection
	GlobalSection(SolutionProperties) = preSolution
		HideSolutionNode = FALSE
	EndGlobalSection
	GlobalSection(ExtensibilityGlobals) = postSolution
		SolutionGuid = {98F24529-04C6-4AF4-A196-DFF1FA7D9CC5}
	EndGlobalSection
EndGlobal
